// !$*UTF8*$!
{
	archiveVersion = 1;
	classes = {
	};
	objectVersion = 50;
	objects = {

/* Begin PBXBuildFile section */
		2345CE2C24A4F48B0081D204 /* TableViewController.swift in Sources */ = {isa = PBXBuildFile; fileRef = 2345CE2B24A4F48B0081D204 /* TableViewController.swift */; };
		2345CE2E24A4F9C40081D204 /* MaskCell.swift in Sources */ = {isa = PBXBuildFile; fileRef = 2345CE2D24A4F9C40081D204 /* MaskCell.swift */; };
		2345CE3524A507C00081D204 /* normal.png in Resources */ = {isa = PBXBuildFile; fileRef = 2345CE3224A507C00081D204 /* normal.png */; };
		2345CE3724A5080C0081D204 /* dust.png in Resources */ = {isa = PBXBuildFile; fileRef = 2345CE3624A5080C0081D204 /* dust.png */; };
		239392E924AF45FE003CC1B0 /* ScreeningCenter.swift in Sources */ = {isa = PBXBuildFile; fileRef = 239392E824AF45FE003CC1B0 /* ScreeningCenter.swift */; };
		239392EB24AF4832003CC1B0 /* CenterTableViewController.swift in Sources */ = {isa = PBXBuildFile; fileRef = 239392EA24AF4832003CC1B0 /* CenterTableViewController.swift */; };
		239392ED24AF6D7E003CC1B0 /* CenterDetailViewController.swift in Sources */ = {isa = PBXBuildFile; fileRef = 239392EC24AF6D7D003CC1B0 /* CenterDetailViewController.swift */; };
		23BBDB3624A0F9830046BBD3 /* findUserId.php in Resources */ = {isa = PBXBuildFile; fileRef = 23BBDB3524A0F9830046BBD3 /* findUserId.php */; };
		23BBDB3824A0F9970046BBD3 /* insertUser.php in Resources */ = {isa = PBXBuildFile; fileRef = 23BBDB3724A0F9970046BBD3 /* insertUser.php */; };
		23BBDB3C24A0F9BC0046BBD3 /* loginUser.php in Resources */ = {isa = PBXBuildFile; fileRef = 23BBDB3B24A0F9BC0046BBD3 /* loginUser.php */; };
		23F9AAD42499C35F00DF480C /* AppDelegate.swift in Sources */ = {isa = PBXBuildFile; fileRef = 23F9AAD32499C35F00DF480C /* AppDelegate.swift */; };
		23F9AAD62499C35F00DF480C /* SceneDelegate.swift in Sources */ = {isa = PBXBuildFile; fileRef = 23F9AAD52499C35F00DF480C /* SceneDelegate.swift */; };
		23F9AADD2499C35F00DF480C /* Main.storyboard in Resources */ = {isa = PBXBuildFile; fileRef = 23F9AADB2499C35F00DF480C /* Main.storyboard */; };
		23F9AAE02499C35F00DF480C /* mask_24.xcdatamodeld in Sources */ = {isa = PBXBuildFile; fileRef = 23F9AADE2499C35F00DF480C /* mask_24.xcdatamodeld */; };
		23F9AAE22499C36200DF480C /* Assets.xcassets in Resources */ = {isa = PBXBuildFile; fileRef = 23F9AAE12499C36200DF480C /* Assets.xcassets */; };
		23F9AAE52499C36200DF480C /* LaunchScreen.storyboard in Resources */ = {isa = PBXBuildFile; fileRef = 23F9AAE32499C36200DF480C /* LaunchScreen.storyboard */; };
		23F9AAF42499C46800DF480C /* RegisterUserViewController.swift in Sources */ = {isa = PBXBuildFile; fileRef = 23F9AAEC2499C46700DF480C /* RegisterUserViewController.swift */; };
		23F9AAF62499C46800DF480C /* maskDetailViewController.swift in Sources */ = {isa = PBXBuildFile; fileRef = 23F9AAEF2499C46800DF480C /* maskDetailViewController.swift */; };
		23F9AAF72499C46800DF480C /* LoginViewController.swift in Sources */ = {isa = PBXBuildFile; fileRef = 23F9AAF02499C46800DF480C /* LoginViewController.swift */; };
		23F9AAF82499C46800DF480C /* findUserViewController.swift in Sources */ = {isa = PBXBuildFile; fileRef = 23F9AAF12499C46800DF480C /* findUserViewController.swift */; };
		23F9AAFA2499C46800DF480C /* LogoutViewController.swift in Sources */ = {isa = PBXBuildFile; fileRef = 23F9AAF32499C46800DF480C /* LogoutViewController.swift */; };
		23F9AAFC2499C47400DF480C /* addMaskViewController.swift in Sources */ = {isa = PBXBuildFile; fileRef = 23F9AAFB2499C47400DF480C /* addMaskViewController.swift */; };
/* End PBXBuildFile section */

/* Begin PBXFileReference section */
		2345CE2B24A4F48B0081D204 /* TableViewController.swift */ = {isa = PBXFileReference; lastKnownFileType = sourcecode.swift; path = TableViewController.swift; sourceTree = "<group>"; };
		2345CE2D24A4F9C40081D204 /* MaskCell.swift */ = {isa = PBXFileReference; lastKnownFileType = sourcecode.swift; path = MaskCell.swift; sourceTree = "<group>"; };
		2345CE3224A507C00081D204 /* normal.png */ = {isa = PBXFileReference; lastKnownFileType = image.png; path = normal.png; sourceTree = "<group>"; };
		2345CE3624A5080C0081D204 /* dust.png */ = {isa = PBXFileReference; lastKnownFileType = image.png; path = dust.png; sourceTree = "<group>"; };
		239392E824AF45FE003CC1B0 /* ScreeningCenter.swift */ = {isa = PBXFileReference; lastKnownFileType = sourcecode.swift; path = ScreeningCenter.swift; sourceTree = "<group>"; };
		239392EA24AF4832003CC1B0 /* CenterTableViewController.swift */ = {isa = PBXFileReference; lastKnownFileType = sourcecode.swift; path = CenterTableViewController.swift; sourceTree = "<group>"; };
		239392EC24AF6D7D003CC1B0 /* CenterDetailViewController.swift */ = {isa = PBXFileReference; lastKnownFileType = sourcecode.swift; path = CenterDetailViewController.swift; sourceTree = "<group>"; };
		23BBDB3524A0F9830046BBD3 /* findUserId.php */ = {isa = PBXFileReference; fileEncoding = 4; lastKnownFileType = text.script.php; name = findUserId.php; path = ../../../../../../../../Applications/MAMP/htdocs/login/findUserId.php; sourceTree = "<group>"; };
		23BBDB3724A0F9970046BBD3 /* insertUser.php */ = {isa = PBXFileReference; fileEncoding = 4; lastKnownFileType = text.script.php; name = insertUser.php; path = ../../../../../../../../Applications/MAMP/htdocs/login/insertUser.php; sourceTree = "<group>"; };
		23BBDB3B24A0F9BC0046BBD3 /* loginUser.php */ = {isa = PBXFileReference; fileEncoding = 4; lastKnownFileType = text.script.php; name = loginUser.php; path = ../../../../../../../../Applications/MAMP/htdocs/login/loginUser.php; sourceTree = "<group>"; };
		23F9AAD02499C35F00DF480C /* mask_24.app */ = {isa = PBXFileReference; explicitFileType = wrapper.application; includeInIndex = 0; path = mask_24.app; sourceTree = BUILT_PRODUCTS_DIR; };
		23F9AAD32499C35F00DF480C /* AppDelegate.swift */ = {isa = PBXFileReference; lastKnownFileType = sourcecode.swift; path = AppDelegate.swift; sourceTree = "<group>"; };
		23F9AAD52499C35F00DF480C /* SceneDelegate.swift */ = {isa = PBXFileReference; lastKnownFileType = sourcecode.swift; path = SceneDelegate.swift; sourceTree = "<group>"; };
		23F9AADC2499C35F00DF480C /* Base */ = {isa = PBXFileReference; lastKnownFileType = file.storyboard; name = Base; path = Base.lproj/Main.storyboard; sourceTree = "<group>"; };
		23F9AADF2499C35F00DF480C /* mask_24.xcdatamodel */ = {isa = PBXFileReference; lastKnownFileType = wrapper.xcdatamodel; path = mask_24.xcdatamodel; sourceTree = "<group>"; };
		23F9AAE12499C36200DF480C /* Assets.xcassets */ = {isa = PBXFileReference; lastKnownFileType = folder.assetcatalog; path = Assets.xcassets; sourceTree = "<group>"; };
		23F9AAE42499C36200DF480C /* Base */ = {isa = PBXFileReference; lastKnownFileType = file.storyboard; name = Base; path = Base.lproj/LaunchScreen.storyboard; sourceTree = "<group>"; };
		23F9AAE62499C36200DF480C /* Info.plist */ = {isa = PBXFileReference; lastKnownFileType = text.plist.xml; path = Info.plist; sourceTree = "<group>"; };
		23F9AAEC2499C46700DF480C /* RegisterUserViewController.swift */ = {isa = PBXFileReference; fileEncoding = 4; lastKnownFileType = sourcecode.swift; path = RegisterUserViewController.swift; sourceTree = "<group>"; };
		23F9AAEF2499C46800DF480C /* maskDetailViewController.swift */ = {isa = PBXFileReference; fileEncoding = 4; lastKnownFileType = sourcecode.swift; path = maskDetailViewController.swift; sourceTree = "<group>"; };
		23F9AAF02499C46800DF480C /* LoginViewController.swift */ = {isa = PBXFileReference; fileEncoding = 4; lastKnownFileType = sourcecode.swift; path = LoginViewController.swift; sourceTree = "<group>"; };
		23F9AAF12499C46800DF480C /* findUserViewController.swift */ = {isa = PBXFileReference; fileEncoding = 4; lastKnownFileType = sourcecode.swift; path = findUserViewController.swift; sourceTree = "<group>"; };
		23F9AAF32499C46800DF480C /* LogoutViewController.swift */ = {isa = PBXFileReference; fileEncoding = 4; lastKnownFileType = sourcecode.swift; path = LogoutViewController.swift; sourceTree = "<group>"; };
		23F9AAFB2499C47400DF480C /* addMaskViewController.swift */ = {isa = PBXFileReference; fileEncoding = 4; lastKnownFileType = sourcecode.swift; path = addMaskViewController.swift; sourceTree = "<group>"; };
/* End PBXFileReference section */

/* Begin PBXFrameworksBuildPhase section */
		23F9AACD2499C35F00DF480C /* Frameworks */ = {
			isa = PBXFrameworksBuildPhase;
			buildActionMask = 2147483647;
			files = (
			);
			runOnlyForDeploymentPostprocessing = 0;
		};
/* End PBXFrameworksBuildPhase section */

/* Begin PBXGroup section */
		2345CE2F24A505790081D204 /* resources */ = {
			isa = PBXGroup;
			children = (
				2345CE3624A5080C0081D204 /* dust.png */,
				2345CE3224A507C00081D204 /* normal.png */,
			);
			path = resources;
			sourceTree = "<group>";
		};
		23F9AAC72499C35F00DF480C = {
			isa = PBXGroup;
			children = (
				23F9AAD22499C35F00DF480C /* mask_24 */,
				23F9AAD12499C35F00DF480C /* Products */,
			);
			sourceTree = "<group>";
		};
		23F9AAD12499C35F00DF480C /* Products */ = {
			isa = PBXGroup;
			children = (
				23F9AAD02499C35F00DF480C /* mask_24.app */,
			);
			name = Products;
			sourceTree = "<group>";
		};
		23F9AAD22499C35F00DF480C /* mask_24 */ = {
			isa = PBXGroup;
			children = (
				2345CE2F24A505790081D204 /* resources */,
				23BBDB3B24A0F9BC0046BBD3 /* loginUser.php */,
				23BBDB3724A0F9970046BBD3 /* insertUser.php */,
				23BBDB3524A0F9830046BBD3 /* findUserId.php */,
				23F9AAD32499C35F00DF480C /* AppDelegate.swift */,
				23F9AAF02499C46800DF480C /* LoginViewController.swift */,
				23F9AAEC2499C46700DF480C /* RegisterUserViewController.swift */,
				23F9AAF12499C46800DF480C /* findUserViewController.swift */,
				23F9AAF32499C46800DF480C /* LogoutViewController.swift */,
				2345CE2D24A4F9C40081D204 /* MaskCell.swift */,
				2345CE2B24A4F48B0081D204 /* TableViewController.swift */,
				23F9AAFB2499C47400DF480C /* addMaskViewController.swift */,
				23F9AAEF2499C46800DF480C /* maskDetailViewController.swift */,
				239392E824AF45FE003CC1B0 /* ScreeningCenter.swift */,
				239392EA24AF4832003CC1B0 /* CenterTableViewController.swift */,
				239392EC24AF6D7D003CC1B0 /* CenterDetailViewController.swift */,
				23F9AAD52499C35F00DF480C /* SceneDelegate.swift */,
				23F9AADB2499C35F00DF480C /* Main.storyboard */,
				23F9AAE12499C36200DF480C /* Assets.xcassets */,
				23F9AAE32499C36200DF480C /* LaunchScreen.storyboard */,
				23F9AAE62499C36200DF480C /* Info.plist */,
				23F9AADE2499C35F00DF480C /* mask_24.xcdatamodeld */,
			);
			path = mask_24;
			sourceTree = "<group>";
		};
/* End PBXGroup section */

/* Begin PBXNativeTarget section */
		23F9AACF2499C35F00DF480C /* mask_24 */ = {
			isa = PBXNativeTarget;
			buildConfigurationList = 23F9AAE92499C36200DF480C /* Build configuration list for PBXNativeTarget "mask_24" */;
			buildPhases = (
				23F9AACC2499C35F00DF480C /* Sources */,
				23F9AACD2499C35F00DF480C /* Frameworks */,
				23F9AACE2499C35F00DF480C /* Resources */,
			);
			buildRules = (
			);
			dependencies = (
			);
			name = mask_24;
			productName = mask_24;
			productReference = 23F9AAD02499C35F00DF480C /* mask_24.app */;
			productType = "com.apple.product-type.application";
		};
/* End PBXNativeTarget section */

/* Begin PBXProject section */
		23F9AAC82499C35F00DF480C /* Project object */ = {
			isa = PBXProject;
			attributes = {
				LastSwiftUpdateCheck = 1130;
				LastUpgradeCheck = 1130;
				ORGANIZATIONNAME = "Data Science Dept";
				TargetAttributes = {
					23F9AACF2499C35F00DF480C = {
						CreatedOnToolsVersion = 11.3.1;
					};
				};
			};
			buildConfigurationList = 23F9AACB2499C35F00DF480C /* Build configuration list for PBXProject "mask_24" */;
			compatibilityVersion = "Xcode 9.3";
			developmentRegion = en;
			hasScannedForEncodings = 0;
			knownRegions = (
				en,
				Base,
			);
			mainGroup = 23F9AAC72499C35F00DF480C;
			productRefGroup = 23F9AAD12499C35F00DF480C /* Products */;
			projectDirPath = "";
			projectRoot = "";
			targets = (
				23F9AACF2499C35F00DF480C /* mask_24 */,
			);
		};
/* End PBXProject section */

/* Begin PBXResourcesBuildPhase section */
		23F9AACE2499C35F00DF480C /* Resources */ = {
			isa = PBXResourcesBuildPhase;
			buildActionMask = 2147483647;
			files = (
				2345CE3524A507C00081D204 /* normal.png in Resources */,
				23F9AAE52499C36200DF480C /* LaunchScreen.storyboard in Resources */,
				23BBDB3C24A0F9BC0046BBD3 /* loginUser.php in Resources */,
				2345CE3724A5080C0081D204 /* dust.png in Resources */,
				23BBDB3624A0F9830046BBD3 /* findUserId.php in Resources */,
				23BBDB3824A0F9970046BBD3 /* insertUser.php in Resources */,
				23F9AAE22499C36200DF480C /* Assets.xcassets in Resources */,
				23F9AADD2499C35F00DF480C /* Main.storyboard in Resources */,
			);
			runOnlyForDeploymentPostprocessing = 0;
		};
/* End PBXResourcesBuildPhase section */

/* Begin PBXSourcesBuildPhase section */
		23F9AACC2499C35F00DF480C /* Sources */ = {
			isa = PBXSourcesBuildPhase;
			buildActionMask = 2147483647;
			files = (
				23F9AAF72499C46800DF480C /* LoginViewController.swift in Sources */,
				23F9AAD42499C35F00DF480C /* AppDelegate.swift in Sources */,
				23F9AAD62499C35F00DF480C /* SceneDelegate.swift in Sources */,
				23F9AAF42499C46800DF480C /* RegisterUserViewController.swift in Sources */,
				23F9AAE02499C35F00DF480C /* mask_24.xcdatamodeld in Sources */,
				239392EB24AF4832003CC1B0 /* CenterTableViewController.swift in Sources */,
				2345CE2C24A4F48B0081D204 /* TableViewController.swift in Sources */,
				23F9AAF82499C46800DF480C /* findUserViewController.swift in Sources */,
				239392ED24AF6D7E003CC1B0 /* CenterDetailViewController.swift in Sources */,
				23F9AAFA2499C46800DF480C /* LogoutViewController.swift in Sources */,
				2345CE2E24A4F9C40081D204 /* MaskCell.swift in Sources */,
				23F9AAFC2499C47400DF480C /* addMaskViewController.swift in Sources */,
				23F9AAF62499C46800DF480C /* maskDetailViewController.swift in Sources */,
				239392E924AF45FE003CC1B0 /* ScreeningCenter.swift in Sources */,
			);
			runOnlyForDeploymentPostprocessing = 0;
		};
/* End PBXSourcesBuildPhase section */

/* Begin PBXVariantGroup section */
		23F9AADB2499C35F00DF480C /* Main.storyboard */ = {
			isa = PBXVariantGroup;
			children = (
				23F9AADC2499C35F00DF480C /* Base */,
			);
			name = Main.storyboard;
			sourceTree = "<group>";
		};
		23F9AAE32499C36200DF480C /* LaunchScreen.storyboard */ = {
			isa = PBXVariantGroup;
			children = (
				23F9AAE42499C36200DF480C /* Base */,
			);
			name = LaunchScreen.storyboard;
			sourceTree = "<group>";
		};
/* End PBXVariantGroup section */

/* Begin XCBuildConfiguration section */
		23F9AAE72499C36200DF480C /* Debug */ = {
			isa = XCBuildConfiguration;
			buildSettings = {
				ALWAYS_SEARCH_USER_PATHS = NO;
				CLANG_ANALYZER_NONNULL = YES;
				CLANG_ANALYZER_NUMBER_OBJECT_CONVERSION = YES_AGGRESSIVE;
				CLANG_CXX_LANGUAGE_STANDARD = "gnu++14";
				CLANG_CXX_LIBRARY = "libc++";
				CLANG_ENABLE_MODULES = YES;
				CLANG_ENABLE_OBJC_ARC = YES;
				CLANG_ENABLE_OBJC_WEAK = YES;
				CLANG_WARN_BLOCK_CAPTURE_AUTORELEASING = YES;
				CLANG_WARN_BOOL_CONVERSION = YES;
				CLANG_WARN_COMMA = YES;
				CLANG_WARN_CONSTANT_CONVERSION = YES;
				CLANG_WARN_DEPRECATED_OBJC_IMPLEMENTATIONS = YES;
				CLANG_WARN_DIRECT_OBJC_ISA_USAGE = YES_ERROR;
				CLANG_WARN_DOCUMENTATION_COMMENTS = YES;
				CLANG_WARN_EMPTY_BODY = YES;
				CLANG_WARN_ENUM_CONVERSION = YES;
				CLANG_WARN_INFINITE_RECURSION = YES;
				CLANG_WARN_INT_CONVERSION = YES;
				CLANG_WARN_NON_LITERAL_NULL_CONVERSION = YES;
				CLANG_WARN_OBJC_IMPLICIT_RETAIN_SELF = YES;
				CLANG_WARN_OBJC_LITERAL_CONVERSION = YES;
				CLANG_WARN_OBJC_ROOT_CLASS = YES_ERROR;
				CLANG_WARN_RANGE_LOOP_ANALYSIS = YES;
				CLANG_WARN_STRICT_PROTOTYPES = YES;
				CLANG_WARN_SUSPICIOUS_MOVE = YES;
				CLANG_WARN_UNGUARDED_AVAILABILITY = YES_AGGRESSIVE;
				CLANG_WARN_UNREACHABLE_CODE = YES;
				CLANG_WARN__DUPLICATE_METHOD_MATCH = YES;
				COPY_PHASE_STRIP = NO;
				DEBUG_INFORMATION_FORMAT = dwarf;
				ENABLE_STRICT_OBJC_MSGSEND = YES;
				ENABLE_TESTABILITY = YES;
				GCC_C_LANGUAGE_STANDARD = gnu11;
				GCC_DYNAMIC_NO_PIC = NO;
				GCC_NO_COMMON_BLOCKS = YES;
				GCC_OPTIMIZATION_LEVEL = 0;
				GCC_PREPROCESSOR_DEFINITIONS = (
					"DEBUG=1",
					"$(inherited)",
				);
				GCC_WARN_64_TO_32_BIT_CONVERSION = YES;
				GCC_WARN_ABOUT_RETURN_TYPE = YES_ERROR;
				GCC_WARN_UNDECLARED_SELECTOR = YES;
				GCC_WARN_UNINITIALIZED_AUTOS = YES_AGGRESSIVE;
				GCC_WARN_UNUSED_FUNCTION = YES;
				GCC_WARN_UNUSED_VARIABLE = YES;
				IPHONEOS_DEPLOYMENT_TARGET = 13.2;
				MTL_ENABLE_DEBUG_INFO = INCLUDE_SOURCE;
				MTL_FAST_MATH = YES;
				ONLY_ACTIVE_ARCH = YES;
				SDKROOT = iphoneos;
				SWIFT_ACTIVE_COMPILATION_CONDITIONS = DEBUG;
				SWIFT_OPTIMIZATION_LEVEL = "-Onone";
			};
			name = Debug;
		};
		23F9AAE82499C36200DF480C /* Release */ = {
			isa = XCBuildConfiguration;
			buildSettings = {
				ALWAYS_SEARCH_USER_PATHS = NO;
				CLANG_ANALYZER_NONNULL = YES;
				CLANG_ANALYZER_NUMBER_OBJECT_CONVERSION = YES_AGGRESSIVE;
				CLANG_CXX_LANGUAGE_STANDARD = "gnu++14";
				CLANG_CXX_LIBRARY = "libc++";
				CLANG_ENABLE_MODULES = YES;
				CLANG_ENABLE_OBJC_ARC = YES;
				CLANG_ENABLE_OBJC_WEAK = YES;
				CLANG_WARN_BLOCK_CAPTURE_AUTORELEASING = YES;
				CLANG_WARN_BOOL_CONVERSION = YES;
				CLANG_WARN_COMMA = YES;
				CLANG_WARN_CONSTANT_CONVERSION = YES;
				CLANG_WARN_DEPRECATED_OBJC_IMPLEMENTATIONS = YES;
				CLANG_WARN_DIRECT_OBJC_ISA_USAGE = YES_ERROR;
				CLANG_WARN_DOCUMENTATION_COMMENTS = YES;
				CLANG_WARN_EMPTY_BODY = YES;
				CLANG_WARN_ENUM_CONVERSION = YES;
				CLANG_WARN_INFINITE_RECURSION = YES;
				CLANG_WARN_INT_CONVERSION = YES;
				CLANG_WARN_NON_LITERAL_NULL_CONVERSION = YES;
				CLANG_WARN_OBJC_IMPLICIT_RETAIN_SELF = YES;
				CLANG_WARN_OBJC_LITERAL_CONVERSION = YES;
				CLANG_WARN_OBJC_ROOT_CLASS = YES_ERROR;
				CLANG_WARN_RANGE_LOOP_ANALYSIS = YES;
				CLANG_WARN_STRICT_PROTOTYPES = YES;
				CLANG_WARN_SUSPICIOUS_MOVE = YES;
				CLANG_WARN_UNGUARDED_AVAILABILITY = YES_AGGRESSIVE;
				CLANG_WARN_UNREACHABLE_CODE = YES;
				CLANG_WARN__DUPLICATE_METHOD_MATCH = YES;
				COPY_PHASE_STRIP = NO;
				DEBUG_INFORMATION_FORMAT = "dwarf-with-dsym";
				ENABLE_NS_ASSERTIONS = NO;
				ENABLE_STRICT_OBJC_MSGSEND = YES;
				GCC_C_LANGUAGE_STANDARD = gnu11;
				GCC_NO_COMMON_BLOCKS = YES;
				GCC_WARN_64_TO_32_BIT_CONVERSION = YES;
				GCC_WARN_ABOUT_RETURN_TYPE = YES_ERROR;
				GCC_WARN_UNDECLARED_SELECTOR = YES;
				GCC_WARN_UNINITIALIZED_AUTOS = YES_AGGRESSIVE;
				GCC_WARN_UNUSED_FUNCTION = YES;
				GCC_WARN_UNUSED_VARIABLE = YES;
				IPHONEOS_DEPLOYMENT_TARGET = 13.2;
				MTL_ENABLE_DEBUG_INFO = NO;
				MTL_FAST_MATH = YES;
				SDKROOT = iphoneos;
				SWIFT_COMPILATION_MODE = wholemodule;
				SWIFT_OPTIMIZATION_LEVEL = "-O";
				VALIDATE_PRODUCT = YES;
			};
			name = Release;
		};
		23F9AAEA2499C36200DF480C /* Debug */ = {
			isa = XCBuildConfiguration;
			buildSettings = {
				ASSETCATALOG_COMPILER_APPICON_NAME = AppIcon;
				CODE_SIGN_STYLE = Automatic;
				INFOPLIST_FILE = mask_24/Info.plist;
				LD_RUNPATH_SEARCH_PATHS = (
					"$(inherited)",
					"@executable_path/Frameworks",
				);
				PRODUCT_BUNDLE_IDENTIFIER = "kr.ac.swu.mask-24";
				PRODUCT_NAME = "$(TARGET_NAME)";
				SWIFT_VERSION = 5.0;
				TARGETED_DEVICE_FAMILY = "1,2";
			};
			name = Debug;
		};
		23F9AAEB2499C36200DF480C /* Release */ = {
			isa = XCBuildConfiguration;
			buildSettings = {
				ASSETCATALOG_COMPILER_APPICON_NAME = AppIcon;
				CODE_SIGN_STYLE = Automatic;
				INFOPLIST_FILE = mask_24/Info.plist;
				LD_RUNPATH_SEARCH_PATHS = (
					"$(inherited)",
					"@executable_path/Frameworks",
				);
				PRODUCT_BUNDLE_IDENTIFIER = "kr.ac.swu.mask-24";
				PRODUCT_NAME = "$(TARGET_NAME)";
				SWIFT_VERSION = 5.0;
				TARGETED_DEVICE_FAMILY = "1,2";
			};
			name = Release;
		};
/* End XCBuildConfiguration section */

/* Begin XCConfigurationList section */
		23F9AACB2499C35F00DF480C /* Build configuration list for PBXProject "mask_24" */ = {
			isa = XCConfigurationList;
			buildConfigurations = (
				23F9AAE72499C36200DF480C /* Debug */,
				23F9AAE82499C36200DF480C /* Release */,
			);
			defaultConfigurationIsVisible = 0;
			defaultConfigurationName = Release;
		};
		23F9AAE92499C36200DF480C /* Build configuration list for PBXNativeTarget "mask_24" */ = {
			isa = XCConfigurationList;
			buildConfigurations = (
				23F9AAEA2499C36200DF480C /* Debug */,
				23F9AAEB2499C36200DF480C /* Release */,
			);
			defaultConfigurationIsVisible = 0;
			defaultConfigurationName = Release;
		};
/* End XCConfigurationList section */

/* Begin XCVersionGroup section */
		23F9AADE2499C35F00DF480C /* mask_24.xcdatamodeld */ = {
			isa = XCVersionGroup;
			children = (
				23F9AADF2499C35F00DF480C /* mask_24.xcdatamodel */,
			);
			currentVersion = 23F9AADF2499C35F00DF480C /* mask_24.xcdatamodel */;
			path = mask_24.xcdatamodeld;
			sourceTree = "<group>";
			versionGroupType = wrapper.xcdatamodel;
		};
/* End XCVersionGroup section */
	};
	rootObject = 23F9AAC82499C35F00DF480C /* Project object */;
}
